<?xml version="1.0" encoding="utf-8"?>
<Project ToolsVersion="4.0" xmlns="http://schemas.microsoft.com/developer/msbuild/2003">
  <ItemGroup>
    <ClCompile Include="ComicsDocumentsinterface.cpp" />
    <ClCompile Include="ComicsDocuments.cpp" />
    <ClCompile Include="stdafx.cpp" />
    <ClCompile Include="DCollections.cpp">
      <Filter>Sources Files</Filter>
    </ClCompile>
    <ClCompile Include="DBoxes.cpp">
      <Filter>Sources Files</Filter>
    </ClCompile>
    <ClCompile Include="BDCollectionsCopy.cpp">
      <Filter>Sources Files</Filter>
    </ClCompile>
    <ClCompile Include="BDBoxesCopy.cpp">
      <Filter>Sources Files</Filter>
    </ClCompile>
  </ItemGroup>
  <ItemGroup>
    <ClInclude Include="stdafx.h" />
    <ClInclude Include="DCollections.h">
      <Filter>Header Files</Filter>
    </ClInclude>
    <ClInclude Include="DBoxes.h">
      <Filter>Header Files</Filter>
    </ClInclude>
    <ClInclude Include="BDCollectionsCopy.h">
      <Filter>Header Files</Filter>
    </ClInclude>
    <ClInclude Include="BDBoxesCopy.h">
      <Filter>Header Files</Filter>
    </ClInclude>
  </ItemGroup>
  <ItemGroup>
    <None Include="beginh.dex" />
    <None Include="endh.dex" />
  </ItemGroup>
  <ItemGroup>
    <Filter Include="Header Files">
      <UniqueIdentifier>{446d7084-7216-458c-860a-8c14d891cfe8}</UniqueIdentifier>
    </Filter>
    <Filter Include="Sources Files">
      <UniqueIdentifier>{850e1158-2541-4f0e-846f-f6f12b50d9c5}</UniqueIdentifier>
    </Filter>
  </ItemGroup>
</Project>