<?xml version="1.0" encoding="utf-8"?>
<Project ToolsVersion="4.0" xmlns="http://schemas.microsoft.com/developer/msbuild/2003">
  <ItemGroup>
    <ClCompile Include="ComicsComponentsinterface.cpp" />
    <ClCompile Include="ComicsComponents.cpp" />
    <ClCompile Include="stdafx.cpp" />
    <ClCompile Include="ADMCollections.cpp">
      <Filter>Sources Files</Filter>
    </ClCompile>
    <ClCompile Include="ADMBoxes.cpp">
      <Filter>Sources Files</Filter>
    </ClCompile>
    <ClCompile Include="ADMCollectionsCopy.cpp">
      <Filter>Sources Files</Filter>
    </ClCompile>
  </ItemGroup>
  <ItemGroup>
    <ClInclude Include="stdafx.h" />
    <ClInclude Include="ADMCollections.h">
      <Filter>Header Files</Filter>
    </ClInclude>
    <ClInclude Include="ADMBoxes.h">
      <Filter>Header Files</Filter>
    </ClInclude>
    <ClInclude Include="ADMCollectionsCopy.h">
      <Filter>Header Files</Filter>
    </ClInclude>
  </ItemGroup>
  <ItemGroup>
    <None Include="beginh.dex" />
    <None Include="endh.dex" />
  </ItemGroup>
  <ItemGroup>
    <Filter Include="Header Files">
      <UniqueIdentifier>{be1c5394-999d-43b5-8368-f4cc9fc6ab1f}</UniqueIdentifier>
    </Filter>
    <Filter Include="Sources Files">
      <UniqueIdentifier>{648336c0-df86-4512-84bd-c29b6e282576}</UniqueIdentifier>
    </Filter>
  </ItemGroup>
</Project>